golang.org/x/example v0.0.0-20170904185048-46695d81d1fa/go.mod h1:M/vPs3SM4w3S4OmVVFlD+QLVyBjzhWRT/p9fjyD42Is=
golang.org/x/example v0.0.0-20240205180059-32022caedd6a h1:e+OOUjYAW85NKMgsynuN0OUdgReD6UGh2tJH/C7ijlk=
golang.org/x/example v0.0.0-20240205180059-32022caedd6a/go.mod h1:TIo7mYsxE6F9IqfoFCZuqWX0t9IlnlyJnKukurF0YKo=
golang.org/x/example/hello v0.0.0-20240205180059-32022caedd6a h1:lnHwduM5X5Fb0YnIPyjyGzRY88cc0Fo6xTgaWDX2c7Q=
golang.org/x/example/hello v0.0.0-20240205180059-32022caedd6a/go.mod h1:UhUKOXx5fMcLZxwL20DUrWWBBoRYG9Jvc8FiwZhRHCI=
